// !$*UTF8*$!
{
	archiveVersion = 1;
	classes = {
	};
	objectVersion = 46;
	objects = {

/* Begin PBXBuildFile section */
		D01651F51B0A89F500F114A2 /* AppDelegate.swift in Sources */ = {isa = PBXBuildFile; fileRef = D01651F41B0A89F500F114A2 /* AppDelegate.swift */; };
		D01651F71B0A89F500F114A2 /* ViewController.swift in Sources */ = {isa = PBXBuildFile; fileRef = D01651F61B0A89F500F114A2 /* ViewController.swift */; };
		D01651FA1B0A89F500F114A2 /* Main.storyboard in Resources */ = {isa = PBXBuildFile; fileRef = D01651F81B0A89F500F114A2 /* Main.storyboard */; };
		D01651FC1B0A89F500F114A2 /* Images.xcassets in Resources */ = {isa = PBXBuildFile; fileRef = D01651FB1B0A89F500F114A2 /* Images.xcassets */; };
		D01651FF1B0A89F500F114A2 /* LaunchScreen.xib in Resources */ = {isa = PBXBuildFile; fileRef = D01651FD1B0A89F500F114A2 /* LaunchScreen.xib */; };
		D016520B1B0A89F500F114A2 /* stopwatchTests.swift in Sources */ = {isa = PBXBuildFile; fileRef = D016520A1B0A89F500F114A2 /* stopwatchTests.swift */; };
/* End PBXBuildFile section */

/* Begin PBXContainerItemProxy section */
		D01652051B0A89F500F114A2 /* PBXContainerItemProxy */ = {
			isa = PBXContainerItemProxy;
			containerPortal = D01651E71B0A89F500F114A2 /* Project object */;
			proxyType = 1;
			remoteGlobalIDString = D01651EE1B0A89F500F114A2;
			remoteInfo = stopwatch;
		};
/* End PBXContainerItemProxy section */

/* Begin PBXFileReference section */
		D01651EF1B0A89F500F114A2 /* stopwatch.app */ = {isa = PBXFileReference; explicitFileType = wrapper.application; includeInIndex = 0; path = stopwatch.app; sourceTree = BUILT_PRODUCTS_DIR; };
		D01651F31B0A89F500F114A2 /* Info.plist */ = {isa = PBXFileReference; lastKnownFileType = text.plist.xml; path = Info.plist; sourceTree = "<group>"; };
		D01651F41B0A89F500F114A2 /* AppDelegate.swift */ = {isa = PBXFileReference; lastKnownFileType = sourcecode.swift; path = AppDelegate.swift; sourceTree = "<group>"; };
		D01651F61B0A89F500F114A2 /* ViewController.swift */ = {isa = PBXFileReference; lastKnownFileType = sourcecode.swift; path = ViewController.swift; sourceTree = "<group>"; };
		D01651F91B0A89F500F114A2 /* Base */ = {isa = PBXFileReference; lastKnownFileType = file.storyboard; name = Base; path = Base.lproj/Main.storyboard; sourceTree = "<group>"; };
		D01651FB1B0A89F500F114A2 /* Images.xcassets */ = {isa = PBXFileReference; lastKnownFileType = folder.assetcatalog; path = Images.xcassets; sourceTree = "<group>"; };
		D01651FE1B0A89F500F114A2 /* Base */ = {isa = PBXFileReference; lastKnownFileType = file.xib; name = Base; path = Base.lproj/LaunchScreen.xib; sourceTree = "<group>"; };
		D01652041B0A89F500F114A2 /* stopwatchTests.xctest */ = {isa = PBXFileReference; explicitFileType = wrapper.cfbundle; includeInIndex = 0; path = stopwatchTests.xctest; sourceTree = BUILT_PRODUCTS_DIR; };
		D01652091B0A89F500F114A2 /* Info.plist */ = {isa = PBXFileReference; lastKnownFileType = text.plist.xml; path = Info.plist; sourceTree = "<group>"; };
		D016520A1B0A89F500F114A2 /* stopwatchTests.swift */ = {isa = PBXFileReference; lastKnownFileType = sourcecode.swift; path = stopwatchTests.swift; sourceTree = "<group>"; };
/* End PBXFileReference section */

/* Begin PBXFrameworksBuildPhase section */
		D01651EC1B0A89F500F114A2 /* Frameworks */ = {
			isa = PBXFrameworksBuildPhase;
			buildActionMask = 2147483647;
			files = (
			);
			runOnlyForDeploymentPostprocessing = 0;
		};
		D01652011B0A89F500F114A2 /* Frameworks */ = {
			isa = PBXFrameworksBuildPhase;
			buildActionMask = 2147483647;
			files = (
			);
			runOnlyForDeploymentPostprocessing = 0;
		};
/* End PBXFrameworksBuildPhase section */

/* Begin PBXGroup section */
		D01651E61B0A89F500F114A2 = {
			isa = PBXGroup;
			children = (
				D01651F11B0A89F500F114A2 /* stopwatch */,
				D01652071B0A89F500F114A2 /* stopwatchTests */,
				D01651F01B0A89F500F114A2 /* Products */,
			);
			sourceTree = "<group>";
		};
		D01651F01B0A89F500F114A2 /* Products */ = {
			isa = PBXGroup;
			children = (
				D01651EF1B0A89F500F114A2 /* stopwatch.app */,
				D01652041B0A89F500F114A2 /* stopwatchTests.xctest */,
			);
			name = Products;
			sourceTree = "<group>";
		};
		D01651F11B0A89F500F114A2 /* stopwatch */ = {
			isa = PBXGroup;
			children = (
				D01651F41B0A89F500F114A2 /* AppDelegate.swift */,
				D01651F61B0A89F500F114A2 /* ViewController.swift */,
				D01651F81B0A89F500F114A2 /* Main.storyboard */,
				D01651FB1B0A89F500F114A2 /* Images.xcassets */,
				D01651FD1B0A89F500F114A2 /* LaunchScreen.xib */,
				D01651F21B0A89F500F114A2 /* Supporting Files */,
			);
			path = stopwatch;
			sourceTree = "<group>";
		};
		D01651F21B0A89F500F114A2 /* Supporting Files */ = {
			isa = PBXGroup;
			children = (
				D01651F31B0A89F500F114A2 /* Info.plist */,
			);
			name = "Supporting Files";
			sourceTree = "<group>";
		};
		D01652071B0A89F500F114A2 /* stopwatchTests */ = {
			isa = PBXGroup;
			children = (
				D016520A1B0A89F500F114A2 /* stopwatchTests.swift */,
				D01652081B0A89F500F114A2 /* Supporting Files */,
			);
			path = stopwatchTests;
			sourceTree = "<group>";
		};
		D01652081B0A89F500F114A2 /* Supporting Files */ = {
			isa = PBXGroup;
			children = (
				D01652091B0A89F500F114A2 /* Info.plist */,
			);
			name = "Supporting Files";
			sourceTree = "<group>";
		};
/* End PBXGroup section */

/* Begin PBXNativeTarget section */
		D01651EE1B0A89F500F114A2 /* stopwatch */ = {
			isa = PBXNativeTarget;
			buildConfigurationList = D016520E1B0A89F500F114A2 /* Build configuration list for PBXNativeTarget "stopwatch" */;
			buildPhases = (
				D01651EB1B0A89F500F114A2 /* Sources */,
				D01651EC1B0A89F500F114A2 /* Frameworks */,
				D01651ED1B0A89F500F114A2 /* Resources */,
			);
			buildRules = (
			);
			dependencies = (
			);
			name = stopwatch;
			productName = stopwatch;
			productReference = D01651EF1B0A89F500F114A2 /* stopwatch.app */;
			productType = "com.apple.product-type.application";
		};
		D01652031B0A89F500F114A2 /* stopwatchTests */ = {
			isa = PBXNativeTarget;
			buildConfigurationList = D01652111B0A89F500F114A2 /* Build configuration list for PBXNativeTarget "stopwatchTests" */;
			buildPhases = (
				D01652001B0A89F500F114A2 /* Sources */,
				D01652011B0A89F500F114A2 /* Frameworks */,
				D01652021B0A89F500F114A2 /* Resources */,
			);
			buildRules = (
			);
			dependencies = (
				D01652061B0A89F500F114A2 /* PBXTargetDependency */,
			);
			name = stopwatchTests;
			productName = stopwatchTests;
			productReference = D01652041B0A89F500F114A2 /* stopwatchTests.xctest */;
			productType = "com.apple.product-type.bundle.unit-test";
		};
/* End PBXNativeTarget section */

/* Begin PBXProject section */
		D01651E71B0A89F500F114A2 /* Project object */ = {
			isa = PBXProject;
			attributes = {
				LastUpgradeCheck = 0630;
				ORGANIZATIONNAME = JMVapps;
				TargetAttributes = {
					D01651EE1B0A89F500F114A2 = {
						CreatedOnToolsVersion = 6.3.1;
					};
					D01652031B0A89F500F114A2 = {
						CreatedOnToolsVersion = 6.3.1;
						TestTargetID = D01651EE1B0A89F500F114A2;
					};
				};
			};
			buildConfigurationList = D01651EA1B0A89F500F114A2 /* Build configuration list for PBXProject "stopwatch" */;
			compatibilityVersion = "Xcode 3.2";
			developmentRegion = English;
			hasScannedForEncodings = 0;
			knownRegions = (
				en,
				Base,
			);
			mainGroup = D01651E61B0A89F500F114A2;
			productRefGroup = D01651F01B0A89F500F114A2 /* Products */;
			projectDirPath = "";
			projectRoot = "";
			targets = (
				D01651EE1B0A89F500F114A2 /* stopwatch */,
				D01652031B0A89F500F114A2 /* stopwatchTests */,
			);
		};
/* End PBXProject section */

/* Begin PBXResourcesBuildPhase section */
		D01651ED1B0A89F500F114A2 /* Resources */ = {
			isa = PBXResourcesBuildPhase;
			buildActionMask = 2147483647;
			files = (
				D01651FA1B0A89F500F114A2 /* Main.storyboard in Resources */,
				D01651FF1B0A89F500F114A2 /* LaunchScreen.xib in Resources */,
				D01651FC1B0A89F500F114A2 /* Images.xcassets in Resources */,
			);
			runOnlyForDeploymentPostprocessing = 0;
		};
		D01652021B0A89F500F114A2 /* Resources */ = {
			isa = PBXResourcesBuildPhase;
			buildActionMask = 2147483647;
			files = (
			);
			runOnlyForDeploymentPostprocessing = 0;
		};
/* End PBXResourcesBuildPhase section */

/* Begin PBXSourcesBuildPhase section */
		D01651EB1B0A89F500F114A2 /* Sources */ = {
			isa = PBXSourcesBuildPhase;
			buildActionMask = 2147483647;
			files = (
				D01651F71B0A89F500F114A2 /* ViewController.swift in Sources */,
				D01651F51B0A89F500F114A2 /* AppDelegate.swift in Sources */,
			);
			runOnlyForDeploymentPostprocessing = 0;
		};
		D01652001B0A89F500F114A2 /* Sources */ = {
			isa = PBXSourcesBuildPhase;
			buildActionMask = 2147483647;
			files = (
				D016520B1B0A89F500F114A2 /* stopwatchTests.swift in Sources */,
			);
			runOnlyForDeploymentPostprocessing = 0;
		};
/* End PBXSourcesBuildPhase section */

/* Begin PBXTargetDependency section */
		D01652061B0A89F500F114A2 /* PBXTargetDependency */ = {
			isa = PBXTargetDependency;
			target = D01651EE1B0A89F500F114A2 /* stopwatch */;
			targetProxy = D01652051B0A89F500F114A2 /* PBXContainerItemProxy */;
		};
/* End PBXTargetDependency section */

/* Begin PBXVariantGroup section */
		D01651F81B0A89F500F114A2 /* Main.storyboard */ = {
			isa = PBXVariantGroup;
			children = (
				D01651F91B0A89F500F114A2 /* Base */,
			);
			name = Main.storyboard;
			sourceTree = "<group>";
		};
		D01651FD1B0A89F500F114A2 /* LaunchScreen.xib */ = {
			isa = PBXVariantGroup;
			children = (
				D01651FE1B0A89F500F114A2 /* Base */,
			);
			name = LaunchScreen.xib;
			sourceTree = "<group>";
		};
/* End PBXVariantGroup section */

/* Begin XCBuildConfiguration section */
		D016520C1B0A89F500F114A2 /* Debug */ = {
			isa = XCBuildConfiguration;
			buildSettings = {
				ALWAYS_SEARCH_USER_PATHS = NO;
				CLANG_CXX_LANGUAGE_STANDARD = "gnu++0x";
				CLANG_CXX_LIBRARY = "libc++";
				CLANG_ENABLE_MODULES = YES;
				CLANG_ENABLE_OBJC_ARC = YES;
				CLANG_WARN_BOOL_CONVERSION = YES;
				CLANG_WARN_CONSTANT_CONVERSION = YES;
				CLANG_WARN_DIRECT_OBJC_ISA_USAGE = YES_ERROR;
				CLANG_WARN_EMPTY_BODY = YES;
				CLANG_WARN_ENUM_CONVERSION = YES;
				CLANG_WARN_INT_CONVERSION = YES;
				CLANG_WARN_OBJC_ROOT_CLASS = YES_ERROR;
				CLANG_WARN_UNREACHABLE_CODE = YES;
				CLANG_WARN__DUPLICATE_METHOD_MATCH = YES;
				"CODE_SIGN_IDENTITY[sdk=iphoneos*]" = "iPhone Developer";
				COPY_PHASE_STRIP = NO;
				DEBUG_INFORMATION_FORMAT = "dwarf-with-dsym";
				ENABLE_STRICT_OBJC_MSGSEND = YES;
				GCC_C_LANGUAGE_STANDARD = gnu99;
				GCC_DYNAMIC_NO_PIC = NO;
				GCC_NO_COMMON_BLOCKS = YES;
				GCC_OPTIMIZATION_LEVEL = 0;
				GCC_PREPROCESSOR_DEFINITIONS = (
					"DEBUG=1",
					"$(inherited)",
				);
				GCC_SYMBOLS_PRIVATE_EXTERN = NO;
				GCC_WARN_64_TO_32_BIT_CONVERSION = YES;
				GCC_WARN_ABOUT_RETURN_TYPE = YES_ERROR;
				GCC_WARN_UNDECLARED_SELECTOR = YES;
				GCC_WARN_UNINITIALIZED_AUTOS = YES_AGGRESSIVE;
				GCC_WARN_UNUSED_FUNCTION = YES;
				GCC_WARN_UNUSED_VARIABLE = YES;
				IPHONEOS_DEPLOYMENT_TARGET = 8.3;
				MTL_ENABLE_DEBUG_INFO = YES;
				ONLY_ACTIVE_ARCH = YES;
				SDKROOT = iphoneos;
				SWIFT_OPTIMIZATION_LEVEL = "-Onone";
			};
			name = Debug;
		};
		D016520D1B0A89F500F114A2 /* Release */ = {
			isa = XCBuildConfiguration;
			buildSettings = {
				ALWAYS_SEARCH_USER_PATHS = NO;
				CLANG_CXX_LANGUAGE_STANDARD = "gnu++0x";
				CLANG_CXX_LIBRARY = "libc++";
				CLANG_ENABLE_MODULES = YES;
				CLANG_ENABLE_OBJC_ARC = YES;
				CLANG_WARN_BOOL_CONVERSION = YES;
				CLANG_WARN_CONSTANT_CONVERSION = YES;
				CLANG_WARN_DIRECT_OBJC_ISA_USAGE = YES_ERROR;
				CLANG_WARN_EMPTY_BODY = YES;
				CLANG_WARN_ENUM_CONVERSION = YES;
				CLANG_WARN_INT_CONVERSION = YES;
				CLANG_WARN_OBJC_ROOT_CLASS = YES_ERROR;
				CLANG_WARN_UNREACHABLE_CODE = YES;
				CLANG_WARN__DUPLICATE_METHOD_MATCH = YES;
				"CODE_SIGN_IDENTITY[sdk=iphoneos*]" = "iPhone Developer";
				COPY_PHASE_STRIP = NO;
				DEBUG_INFORMATION_FORMAT = "dwarf-with-dsym";
				ENABLE_NS_ASSERTIONS = NO;
				ENABLE_STRICT_OBJC_MSGSEND = YES;
				GCC_C_LANGUAGE_STANDARD = gnu99;
				GCC_NO_COMMON_BLOCKS = YES;
				GCC_WARN_64_TO_32_BIT_CONVERSION = YES;
				GCC_WARN_ABOUT_RETURN_TYPE = YES_ERROR;
				GCC_WARN_UNDECLARED_SELECTOR = YES;
				GCC_WARN_UNINITIALIZED_AUTOS = YES_AGGRESSIVE;
				GCC_WARN_UNUSED_FUNCTION = YES;
				GCC_WARN_UNUSED_VARIABLE = YES;
				IPHONEOS_DEPLOYMENT_TARGET = 8.3;
				MTL_ENABLE_DEBUG_INFO = NO;
				SDKROOT = iphoneos;
				VALIDATE_PRODUCT = YES;
			};
			name = Release;
		};
		D016520F1B0A89F500F114A2 /* Debug */ = {
			isa = XCBuildConfiguration;
			buildSettings = {
				ASSETCATALOG_COMPILER_APPICON_NAME = AppIcon;
				INFOPLIST_FILE = stopwatch/Info.plist;
				LD_RUNPATH_SEARCH_PATHS = "$(inherited) @executable_path/Frameworks";
				PRODUCT_NAME = "$(TARGET_NAME)";
			};
			name = Debug;
		};
		D01652101B0A89F500F114A2 /* Release */ = {
			isa = XCBuildConfiguration;
			buildSettings = {
				ASSETCATALOG_COMPILER_APPICON_NAME = AppIcon;
				INFOPLIST_FILE = stopwatch/Info.plist;
				LD_RUNPATH_SEARCH_PATHS = "$(inherited) @executable_path/Frameworks";
				PRODUCT_NAME = "$(TARGET_NAME)";
			};
			name = Release;
		};
		D01652121B0A89F500F114A2 /* Debug */ = {
			isa = XCBuildConfiguration;
			buildSettings = {
				BUNDLE_LOADER = "$(TEST_HOST)";
				FRAMEWORK_SEARCH_PATHS = (
					"$(SDKROOT)/Developer/Library/Frameworks",
					"$(inherited)",
				);
				GCC_PREPROCESSOR_DEFINITIONS = (
					"DEBUG=1",
					"$(inherited)",
				);
				INFOPLIST_FILE = stopwatchTests/Info.plist;
				LD_RUNPATH_SEARCH_PATHS = "$(inherited) @executable_path/Frameworks @loader_path/Frameworks";
				PRODUCT_NAME = "$(TARGET_NAME)";
				TEST_HOST = "$(BUILT_PRODUCTS_DIR)/stopwatch.app/stopwatch";
			};
			name = Debug;
		};
		D01652131B0A89F500F114A2 /* Release */ = {
			isa = XCBuildConfiguration;
			buildSettings = {
				BUNDLE_LOADER = "$(TEST_HOST)";
				FRAMEWORK_SEARCH_PATHS = (
					"$(SDKROOT)/Developer/Library/Frameworks",
					"$(inherited)",
				);
				INFOPLIST_FILE = stopwatchTests/Info.plist;
				LD_RUNPATH_SEARCH_PATHS = "$(inherited) @executable_path/Frameworks @loader_path/Frameworks";
				PRODUCT_NAME = "$(TARGET_NAME)";
				TEST_HOST = "$(BUILT_PRODUCTS_DIR)/stopwatch.app/stopwatch";
			};
			name = Release;
		};
/* End XCBuildConfiguration section */

/* Begin XCConfigurationList section */
		D01651EA1B0A89F500F114A2 /* Build configuration list for PBXProject "stopwatch" */ = {
			isa = XCConfigurationList;
			buildConfigurations = (
				D016520C1B0A89F500F114A2 /* Debug */,
				D016520D1B0A89F500F114A2 /* Release */,
			);
			defaultConfigurationIsVisible = 0;
			defaultConfigurationName = Release;
		};
		D016520E1B0A89F500F114A2 /* Build configuration list for PBXNativeTarget "stopwatch" */ = {
			isa = XCConfigurationList;
			buildConfigurations = (
				D016520F1B0A89F500F114A2 /* Debug */,
				D01652101B0A89F500F114A2 /* Release */,
			);
			defaultConfigurationIsVisible = 0;
		};
		D01652111B0A89F500F114A2 /* Build configuration list for PBXNativeTarget "stopwatchTests" */ = {
			isa = XCConfigurationList;
			buildConfigurations = (
				D01652121B0A89F500F114A2 /* Debug */,
				D01652131B0A89F500F114A2 /* Release */,
			);
			defaultConfigurationIsVisible = 0;
		};
/* End XCConfigurationList section */
	};
	rootObject = D01651E71B0A89F500F114A2 /* Project object */;
}
